{
  "object": {
    "pins": [
      {
        "package": "CalendarPickerView",
        "repositoryURL": "https://github.com/JLoewy/CalendarPickerView/",
        "state": {
          "branch": "main",
          "revision": "f4daf5fc184630372cdc86ca4dd18270bb989da4",
          "version": null
        }
      }
    ]
  },
  "version": 1
}
